
Microsoft Visual Studio Solution File, Format Version 12.00
# Visual Studio Version 16
VisualStudioVersion = 16.0.31911.196
MinimumVisualStudioVersion = 10.0.40219.1
Project("{FAE04EC0-301F-11D3-BF4B-00C04F79EFBC}") = "Method Overloading", "Method Overloading\Method Overloading.csproj", "{9399F949-2BE3-47E3-8EA5-F45F2C3EF7C5}"
EndProject
Global
	GlobalSection(SolutionConfigurationPlatforms) = preSolution
		Debug|Any CPU = Debug|Any CPU
		Release|Any CPU = Release|Any CPU
	EndGlobalSection
	GlobalSection(ProjectConfigurationPlatforms) = postSolution
		{9399F949-2BE3-47E3-8EA5-F45F2C3EF7C5}.Debug|Any CPU.ActiveCfg = Debug|Any CPU
		{9399F949-2BE3-47E3-8EA5-F45F2C3EF7C5}.Debug|Any CPU.Build.0 = Debug|Any CPU
		{9399F949-2BE3-47E3-8EA5-F45F2C3EF7C5}.Release|Any CPU.ActiveCfg = Release|Any CPU
		{9399F949-2BE3-47E3-8EA5-F45F2C3EF7C5}.Release|Any CPU.Build.0 = Release|Any CPU
	EndGlobalSection
	GlobalSection(SolutionProperties) = preSolution
		HideSolutionNode = FALSE
	EndGlobalSection
	GlobalSection(ExtensibilityGlobals) = postSolution
		SolutionGuid = {9B2B8DDE-1BFE-4244-BE48-ECB84464DCF8}
	EndGlobalSection
EndGlobal
